
Microsoft Visual Studio Solution File, Format Version 12.00
# Visual Studio Version 16
VisualStudioVersion = 16.0.29519.87
MinimumVisualStudioVersion = 10.0.40219.1
Project("{8BC9CEB8-8B4A-11D0-8D11-00A0C91BC942}") = "ChessProject", "ChessProject\ChessProject.vcxproj", "{DB4BCE1A-4EF7-4342-96DF-9FFBC2CCDBB4}"
EndProject
Project("{2150E333-8FDC-42A3-9474-1A3956D46DE8}") = "Solution Items", "Solution Items", "{FDD7E0DD-61BA-49B5-A4F9-288A4867452B}"
	ProjectSection(SolutionItems) = preProject
		..\..\..\..\..\Users\משתמש\Downloads\chessGraphics\chessGraphics.v12.suo = ..\..\..\..\..\Users\משתמש\Downloads\chessGraphics\chessGraphics.v12.suo
		..\..\..\..\..\Users\משתמש\Downloads\chessGraphics\desktop.ini = ..\..\..\..\..\Users\משתמש\Downloads\chessGraphics\desktop.ini
	EndProjectSection
EndProject
Global
	GlobalSection(SolutionConfigurationPlatforms) = preSolution
		Debug|x64 = Debug|x64
		Debug|x86 = Debug|x86
		Release|x64 = Release|x64
		Release|x86 = Release|x86
	EndGlobalSection
	GlobalSection(ProjectConfigurationPlatforms) = postSolution
		{DB4BCE1A-4EF7-4342-96DF-9FFBC2CCDBB4}.Debug|x64.ActiveCfg = Debug|x64
		{DB4BCE1A-4EF7-4342-96DF-9FFBC2CCDBB4}.Debug|x64.Build.0 = Debug|x64
		{DB4BCE1A-4EF7-4342-96DF-9FFBC2CCDBB4}.Debug|x86.ActiveCfg = Debug|Win32
		{DB4BCE1A-4EF7-4342-96DF-9FFBC2CCDBB4}.Debug|x86.Build.0 = Debug|Win32
		{DB4BCE1A-4EF7-4342-96DF-9FFBC2CCDBB4}.Release|x64.ActiveCfg = Release|x64
		{DB4BCE1A-4EF7-4342-96DF-9FFBC2CCDBB4}.Release|x64.Build.0 = Release|x64
		{DB4BCE1A-4EF7-4342-96DF-9FFBC2CCDBB4}.Release|x86.ActiveCfg = Release|Win32
		{DB4BCE1A-4EF7-4342-96DF-9FFBC2CCDBB4}.Release|x86.Build.0 = Release|Win32
	EndGlobalSection
	GlobalSection(SolutionProperties) = preSolution
		HideSolutionNode = FALSE
	EndGlobalSection
	GlobalSection(ExtensibilityGlobals) = postSolution
		SolutionGuid = {3D24E4FD-1F34-429A-8F4A-7078963FC046}
	EndGlobalSection
EndGlobal
